
Microsoft Visual Studio Solution File, Format Version 12.00
# Visual Studio Version 16
VisualStudioVersion = 16.0.31313.79
MinimumVisualStudioVersion = 10.0.40219.1
Project("{FAE04EC0-301F-11D3-BF4B-00C04F79EFBC}") = "Notification", "Notification\Notification.csproj", "{215FEB22-F052-4AB5-8F3D-D38E172661D0}"
EndProject
Global
	GlobalSection(SolutionConfigurationPlatforms) = preSolution
		Debug|Any CPU = Debug|Any CPU
		Release|Any CPU = Release|Any CPU
	EndGlobalSection
	GlobalSection(ProjectConfigurationPlatforms) = postSolution
		{215FEB22-F052-4AB5-8F3D-D38E172661D0}.Debug|Any CPU.ActiveCfg = Debug|Any CPU
		{215FEB22-F052-4AB5-8F3D-D38E172661D0}.Debug|Any CPU.Build.0 = Debug|Any CPU
		{215FEB22-F052-4AB5-8F3D-D38E172661D0}.Release|Any CPU.ActiveCfg = Release|Any CPU
		{215FEB22-F052-4AB5-8F3D-D38E172661D0}.Release|Any CPU.Build.0 = Release|Any CPU
	EndGlobalSection
	GlobalSection(SolutionProperties) = preSolution
		HideSolutionNode = FALSE
	EndGlobalSection
	GlobalSection(ExtensibilityGlobals) = postSolution
		SolutionGuid = {EE6FE935-B8AD-4CF1-A6F0-E0196F0C2910}
	EndGlobalSection
EndGlobal
